
Microsoft Visual Studio Solution File, Format Version 12.00
# Visual Studio Version 17
VisualStudioVersion = 17.14.36414.22 d17.14
MinimumVisualStudioVersion = 10.0.40219.1
Project("{FAE04EC0-301F-11D3-BF4B-00C04F79EFBC}") = "AuthService.API", "AuthService.API\AuthService.API.csproj", "{F35806D1-7C53-4DEC-9ACC-F85A73BA5CBF}"
EndProject
Project("{2150E333-8FDC-42A3-9474-1A3956D46DE8}") = "AuthService", "AuthService", "{A41E2E79-C1E9-4D51-8875-0B8BB9211032}"
EndProject
Project("{FAE04EC0-301F-11D3-BF4B-00C04F79EFBC}") = "AuthService.Application", "AuthService.Application\AuthService.Application.csproj", "{8C194E76-1A8E-4A9D-BE94-6E69BD70358B}"
EndProject
Project("{FAE04EC0-301F-11D3-BF4B-00C04F79EFBC}") = "AuthService.Domain", "AuthService.Domain\AuthService.Domain.csproj", "{36C56487-EFBC-40EF-AC5C-CD722554E354}"
EndProject
Project("{FAE04EC0-301F-11D3-BF4B-00C04F79EFBC}") = "AuthService.Infrastructure", "AuthService.Infrastructure\AuthService.Infrastructure.csproj", "{908803E8-F5B2-4AC5-8CAD-D2545E62512F}"
EndProject
Project("{2150E333-8FDC-42A3-9474-1A3956D46DE8}") = "Shared", "Shared", "{0620AE2A-D688-4307-AEDA-B447971A8D65}"
EndProject
Project("{FAE04EC0-301F-11D3-BF4B-00C04F79EFBC}") = "Shared.API", "Shared.API\Shared.API.csproj", "{C8C22759-64DE-42F9-A018-83D6DDA9A7FD}"
EndProject
Project("{FAE04EC0-301F-11D3-BF4B-00C04F79EFBC}") = "Shared.Application", "Shared.Application\Shared.Application.csproj", "{BB4C2751-81B4-486D-B7FD-B1060D567611}"
EndProject
Project("{FAE04EC0-301F-11D3-BF4B-00C04F79EFBC}") = "Shared.Infrastructure", "Shared.Infrastructure\Shared.Infrastructure.csproj", "{C57801A6-836E-4049-A1E3-CD0079C0A20C}"
EndProject
Project("{2150E333-8FDC-42A3-9474-1A3956D46DE8}") = "BuildingBlocks", "BuildingBlocks", "{E3585476-326C-44AB-BB7D-9C75C99B5F35}"
EndProject
Project("{FAE04EC0-301F-11D3-BF4B-00C04F79EFBC}") = "BuildingBlocks", "BuildingBlocks\BuildingBlocks.csproj", "{002CA456-9562-4D68-9483-C572F9C9E5E9}"
EndProject
Project("{2150E333-8FDC-42A3-9474-1A3956D46DE8}") = "UserService", "UserService", "{954406EA-9C45-4043-950A-3CAB266F7405}"
EndProject
Project("{FAE04EC0-301F-11D3-BF4B-00C04F79EFBC}") = "UserService.API", "UserService.API\UserService.API.csproj", "{79E526AB-A163-4542-B715-C3672FA84C08}"
EndProject
Project("{FAE04EC0-301F-11D3-BF4B-00C04F79EFBC}") = "UserService.Application", "UserService.Application\UserService.Application.csproj", "{71A9445F-31C1-4381-A87A-5B2E48218F59}"
EndProject
Project("{FAE04EC0-301F-11D3-BF4B-00C04F79EFBC}") = "UserService.Infrastructure", "UserService.Infrastructure\UserService.Infrastructure.csproj", "{C6B51167-EF1E-44ED-BC6F-DB522C51E3A7}"
EndProject
Project("{FAE04EC0-301F-11D3-BF4B-00C04F79EFBC}") = "UserService.Domain", "UserService.Domain\UserService.Domain.csproj", "{A4957E94-47A5-4867-80ED-C7A9772F18FD}"
EndProject
Project("{FAE04EC0-301F-11D3-BF4B-00C04F79EFBC}") = "BuildingBlocks.Messaging", "BuildingBlocks.Messaging\BuildingBlocks.Messaging.csproj", "{8AC06C41-D226-46F3-B7FB-622DE3B73A33}"
EndProject
Project("{FAE04EC0-301F-11D3-BF4B-00C04F79EFBC}") = "Shared.Common", "Shared.Common\Shared.Common.csproj", "{5192E5F9-3BD1-4A9A-B148-1868D192C56E}"
EndProject
Project("{FAE04EC0-301F-11D3-BF4B-00C04F79EFBC}") = "Shared.Domain", "Shared.Domain\Shared.Domain.csproj", "{CDC103F8-2610-48B2-BD30-9745C016A5F6}"
EndProject
Project("{2150E333-8FDC-42A3-9474-1A3956D46DE8}") = "Gateway", "Gateway", "{41E3A754-872A-4638-B8BB-704F0BF07890}"
EndProject
Project("{FAE04EC0-301F-11D3-BF4B-00C04F79EFBC}") = "ReverseProxy", "ReverseProxy\ReverseProxy.csproj", "{1B1CE35F-19B9-46DD-9E87-B0CD9939AC16}"
EndProject
Project("{2150E333-8FDC-42A3-9474-1A3956D46DE8}") = "Services", "Services", "{D54D73EE-4336-42CD-B4FC-6ED3B5FA4EA0}"
EndProject
Project("{FAE04EC0-301F-11D3-BF4B-00C04F79EFBC}") = "UtilityService.API", "UtilityService.API\UtilityService.API.csproj", "{B81D7D46-E079-43FA-9323-B934A3D658B6}"
EndProject
Project("{2150E333-8FDC-42A3-9474-1A3956D46DE8}") = "UtilityService", "UtilityService", "{478E2ED7-DF99-4C3B-894A-EDD630BE40E2}"
EndProject
Project("{FAE04EC0-301F-11D3-BF4B-00C04F79EFBC}") = "UtilityService.Application", "UtilityService.Application\UtilityService.Application.csproj", "{F9860B21-721C-4A09-B1B1-AFB7B66B5495}"
EndProject
Project("{FAE04EC0-301F-11D3-BF4B-00C04F79EFBC}") = "UtilityService.Domain", "UtilityService.Domain\UtilityService.Domain.csproj", "{E7151F67-B898-4BE8-931D-7B45316D40C7}"
EndProject
Project("{FAE04EC0-301F-11D3-BF4B-00C04F79EFBC}") = "UtilityService.Infrastructure", "UtilityService.Infrastructure\UtilityService.Infrastructure.csproj", "{CB94128C-6146-4303-9625-4C5433DC8784}"
EndProject
Project("{2150E333-8FDC-42A3-9474-1A3956D46DE8}") = "CourseService", "CourseService", "{02EA681E-C7D8-13C7-8484-4AC65E1B71E8}"
EndProject
Project("{FAE04EC0-301F-11D3-BF4B-00C04F79EFBC}") = "Course.API", "Course\Course.API\Course.API.csproj", "{F787A7C6-4B8C-43A7-98A8-3E51F5D9C491}"
EndProject
Project("{FAE04EC0-301F-11D3-BF4B-00C04F79EFBC}") = "Course.Application", "Course\Course.Application\Course.Application.csproj", "{56E7B206-194B-4DA1-8591-84CE975DF1E3}"
EndProject
Project("{FAE04EC0-301F-11D3-BF4B-00C04F79EFBC}") = "Course.Domain", "Course\Course.Domain\Course.Domain.csproj", "{356634C5-05EF-488F-B6D9-B8EE22A30DB3}"
EndProject
Project("{FAE04EC0-301F-11D3-BF4B-00C04F79EFBC}") = "Course.Infrastructure", "Course\Course.Infrastructure\Course.Infrastructure.csproj", "{8A9AA933-6937-4444-A4ED-D64872E8CC1C}"
EndProject
Global
	GlobalSection(SolutionConfigurationPlatforms) = preSolution
		Debug|Any CPU = Debug|Any CPU
		Release|Any CPU = Release|Any CPU
	EndGlobalSection
	GlobalSection(ProjectConfigurationPlatforms) = postSolution
		{F35806D1-7C53-4DEC-9ACC-F85A73BA5CBF}.Debug|Any CPU.ActiveCfg = Debug|Any CPU
		{F35806D1-7C53-4DEC-9ACC-F85A73BA5CBF}.Debug|Any CPU.Build.0 = Debug|Any CPU
		{F35806D1-7C53-4DEC-9ACC-F85A73BA5CBF}.Release|Any CPU.ActiveCfg = Release|Any CPU
		{F35806D1-7C53-4DEC-9ACC-F85A73BA5CBF}.Release|Any CPU.Build.0 = Release|Any CPU
		{8C194E76-1A8E-4A9D-BE94-6E69BD70358B}.Debug|Any CPU.ActiveCfg = Debug|Any CPU
		{8C194E76-1A8E-4A9D-BE94-6E69BD70358B}.Debug|Any CPU.Build.0 = Debug|Any CPU
		{8C194E76-1A8E-4A9D-BE94-6E69BD70358B}.Release|Any CPU.ActiveCfg = Release|Any CPU
		{8C194E76-1A8E-4A9D-BE94-6E69BD70358B}.Release|Any CPU.Build.0 = Release|Any CPU
		{36C56487-EFBC-40EF-AC5C-CD722554E354}.Debug|Any CPU.ActiveCfg = Debug|Any CPU
		{36C56487-EFBC-40EF-AC5C-CD722554E354}.Debug|Any CPU.Build.0 = Debug|Any CPU
		{36C56487-EFBC-40EF-AC5C-CD722554E354}.Release|Any CPU.ActiveCfg = Release|Any CPU
		{36C56487-EFBC-40EF-AC5C-CD722554E354}.Release|Any CPU.Build.0 = Release|Any CPU
		{908803E8-F5B2-4AC5-8CAD-D2545E62512F}.Debug|Any CPU.ActiveCfg = Debug|Any CPU
		{908803E8-F5B2-4AC5-8CAD-D2545E62512F}.Debug|Any CPU.Build.0 = Debug|Any CPU
		{908803E8-F5B2-4AC5-8CAD-D2545E62512F}.Release|Any CPU.ActiveCfg = Release|Any CPU
		{908803E8-F5B2-4AC5-8CAD-D2545E62512F}.Release|Any CPU.Build.0 = Release|Any CPU
		{C8C22759-64DE-42F9-A018-83D6DDA9A7FD}.Debug|Any CPU.ActiveCfg = Debug|Any CPU
		{C8C22759-64DE-42F9-A018-83D6DDA9A7FD}.Debug|Any CPU.Build.0 = Debug|Any CPU
		{C8C22759-64DE-42F9-A018-83D6DDA9A7FD}.Release|Any CPU.ActiveCfg = Release|Any CPU
		{C8C22759-64DE-42F9-A018-83D6DDA9A7FD}.Release|Any CPU.Build.0 = Release|Any CPU
		{BB4C2751-81B4-486D-B7FD-B1060D567611}.Debug|Any CPU.ActiveCfg = Debug|Any CPU
		{BB4C2751-81B4-486D-B7FD-B1060D567611}.Debug|Any CPU.Build.0 = Debug|Any CPU
		{BB4C2751-81B4-486D-B7FD-B1060D567611}.Release|Any CPU.ActiveCfg = Release|Any CPU
		{BB4C2751-81B4-486D-B7FD-B1060D567611}.Release|Any CPU.Build.0 = Release|Any CPU
		{C57801A6-836E-4049-A1E3-CD0079C0A20C}.Debug|Any CPU.ActiveCfg = Debug|Any CPU
		{C57801A6-836E-4049-A1E3-CD0079C0A20C}.Debug|Any CPU.Build.0 = Debug|Any CPU
		{C57801A6-836E-4049-A1E3-CD0079C0A20C}.Release|Any CPU.ActiveCfg = Release|Any CPU
		{C57801A6-836E-4049-A1E3-CD0079C0A20C}.Release|Any CPU.Build.0 = Release|Any CPU
		{002CA456-9562-4D68-9483-C572F9C9E5E9}.Debug|Any CPU.ActiveCfg = Debug|Any CPU
		{002CA456-9562-4D68-9483-C572F9C9E5E9}.Debug|Any CPU.Build.0 = Debug|Any CPU
		{002CA456-9562-4D68-9483-C572F9C9E5E9}.Release|Any CPU.ActiveCfg = Release|Any CPU
		{002CA456-9562-4D68-9483-C572F9C9E5E9}.Release|Any CPU.Build.0 = Release|Any CPU
		{79E526AB-A163-4542-B715-C3672FA84C08}.Debug|Any CPU.ActiveCfg = Debug|Any CPU
		{79E526AB-A163-4542-B715-C3672FA84C08}.Debug|Any CPU.Build.0 = Debug|Any CPU
		{79E526AB-A163-4542-B715-C3672FA84C08}.Release|Any CPU.ActiveCfg = Release|Any CPU
		{79E526AB-A163-4542-B715-C3672FA84C08}.Release|Any CPU.Build.0 = Release|Any CPU
		{71A9445F-31C1-4381-A87A-5B2E48218F59}.Debug|Any CPU.ActiveCfg = Debug|Any CPU
		{71A9445F-31C1-4381-A87A-5B2E48218F59}.Debug|Any CPU.Build.0 = Debug|Any CPU
		{71A9445F-31C1-4381-A87A-5B2E48218F59}.Release|Any CPU.ActiveCfg = Release|Any CPU
		{71A9445F-31C1-4381-A87A-5B2E48218F59}.Release|Any CPU.Build.0 = Release|Any CPU
		{C6B51167-EF1E-44ED-BC6F-DB522C51E3A7}.Debug|Any CPU.ActiveCfg = Debug|Any CPU
		{C6B51167-EF1E-44ED-BC6F-DB522C51E3A7}.Debug|Any CPU.Build.0 = Debug|Any CPU
		{C6B51167-EF1E-44ED-BC6F-DB522C51E3A7}.Release|Any CPU.ActiveCfg = Release|Any CPU
		{C6B51167-EF1E-44ED-BC6F-DB522C51E3A7}.Release|Any CPU.Build.0 = Release|Any CPU
		{A4957E94-47A5-4867-80ED-C7A9772F18FD}.Debug|Any CPU.ActiveCfg = Debug|Any CPU
		{A4957E94-47A5-4867-80ED-C7A9772F18FD}.Debug|Any CPU.Build.0 = Debug|Any CPU
		{A4957E94-47A5-4867-80ED-C7A9772F18FD}.Release|Any CPU.ActiveCfg = Release|Any CPU
		{A4957E94-47A5-4867-80ED-C7A9772F18FD}.Release|Any CPU.Build.0 = Release|Any CPU
		{8AC06C41-D226-46F3-B7FB-622DE3B73A33}.Debug|Any CPU.ActiveCfg = Debug|Any CPU
		{8AC06C41-D226-46F3-B7FB-622DE3B73A33}.Debug|Any CPU.Build.0 = Debug|Any CPU
		{8AC06C41-D226-46F3-B7FB-622DE3B73A33}.Release|Any CPU.ActiveCfg = Release|Any CPU
		{8AC06C41-D226-46F3-B7FB-622DE3B73A33}.Release|Any CPU.Build.0 = Release|Any CPU
		{5192E5F9-3BD1-4A9A-B148-1868D192C56E}.Debug|Any CPU.ActiveCfg = Debug|Any CPU
		{5192E5F9-3BD1-4A9A-B148-1868D192C56E}.Debug|Any CPU.Build.0 = Debug|Any CPU
		{5192E5F9-3BD1-4A9A-B148-1868D192C56E}.Release|Any CPU.ActiveCfg = Release|Any CPU
		{5192E5F9-3BD1-4A9A-B148-1868D192C56E}.Release|Any CPU.Build.0 = Release|Any CPU
		{CDC103F8-2610-48B2-BD30-9745C016A5F6}.Debug|Any CPU.ActiveCfg = Debug|Any CPU
		{CDC103F8-2610-48B2-BD30-9745C016A5F6}.Debug|Any CPU.Build.0 = Debug|Any CPU
		{CDC103F8-2610-48B2-BD30-9745C016A5F6}.Release|Any CPU.ActiveCfg = Release|Any CPU
		{CDC103F8-2610-48B2-BD30-9745C016A5F6}.Release|Any CPU.Build.0 = Release|Any CPU
		{1B1CE35F-19B9-46DD-9E87-B0CD9939AC16}.Debug|Any CPU.ActiveCfg = Debug|Any CPU
		{1B1CE35F-19B9-46DD-9E87-B0CD9939AC16}.Debug|Any CPU.Build.0 = Debug|Any CPU
		{1B1CE35F-19B9-46DD-9E87-B0CD9939AC16}.Release|Any CPU.ActiveCfg = Release|Any CPU
		{1B1CE35F-19B9-46DD-9E87-B0CD9939AC16}.Release|Any CPU.Build.0 = Release|Any CPU
		{B81D7D46-E079-43FA-9323-B934A3D658B6}.Debug|Any CPU.ActiveCfg = Debug|Any CPU
		{B81D7D46-E079-43FA-9323-B934A3D658B6}.Debug|Any CPU.Build.0 = Debug|Any CPU
		{B81D7D46-E079-43FA-9323-B934A3D658B6}.Release|Any CPU.ActiveCfg = Release|Any CPU
		{B81D7D46-E079-43FA-9323-B934A3D658B6}.Release|Any CPU.Build.0 = Release|Any CPU
		{F9860B21-721C-4A09-B1B1-AFB7B66B5495}.Debug|Any CPU.ActiveCfg = Debug|Any CPU
		{F9860B21-721C-4A09-B1B1-AFB7B66B5495}.Debug|Any CPU.Build.0 = Debug|Any CPU
		{F9860B21-721C-4A09-B1B1-AFB7B66B5495}.Release|Any CPU.ActiveCfg = Release|Any CPU
		{F9860B21-721C-4A09-B1B1-AFB7B66B5495}.Release|Any CPU.Build.0 = Release|Any CPU
		{E7151F67-B898-4BE8-931D-7B45316D40C7}.Debug|Any CPU.ActiveCfg = Debug|Any CPU
		{E7151F67-B898-4BE8-931D-7B45316D40C7}.Debug|Any CPU.Build.0 = Debug|Any CPU
		{E7151F67-B898-4BE8-931D-7B45316D40C7}.Release|Any CPU.ActiveCfg = Release|Any CPU
		{E7151F67-B898-4BE8-931D-7B45316D40C7}.Release|Any CPU.Build.0 = Release|Any CPU
		{CB94128C-6146-4303-9625-4C5433DC8784}.Debug|Any CPU.ActiveCfg = Debug|Any CPU
		{CB94128C-6146-4303-9625-4C5433DC8784}.Debug|Any CPU.Build.0 = Debug|Any CPU
		{CB94128C-6146-4303-9625-4C5433DC8784}.Release|Any CPU.ActiveCfg = Release|Any CPU
		{CB94128C-6146-4303-9625-4C5433DC8784}.Release|Any CPU.Build.0 = Release|Any CPU
		{F787A7C6-4B8C-43A7-98A8-3E51F5D9C491}.Debug|Any CPU.ActiveCfg = Debug|Any CPU
		{F787A7C6-4B8C-43A7-98A8-3E51F5D9C491}.Debug|Any CPU.Build.0 = Debug|Any CPU
		{F787A7C6-4B8C-43A7-98A8-3E51F5D9C491}.Release|Any CPU.ActiveCfg = Release|Any CPU
		{F787A7C6-4B8C-43A7-98A8-3E51F5D9C491}.Release|Any CPU.Build.0 = Release|Any CPU
		{56E7B206-194B-4DA1-8591-84CE975DF1E3}.Debug|Any CPU.ActiveCfg = Debug|Any CPU
		{56E7B206-194B-4DA1-8591-84CE975DF1E3}.Debug|Any CPU.Build.0 = Debug|Any CPU
		{56E7B206-194B-4DA1-8591-84CE975DF1E3}.Release|Any CPU.ActiveCfg = Release|Any CPU
		{56E7B206-194B-4DA1-8591-84CE975DF1E3}.Release|Any CPU.Build.0 = Release|Any CPU
		{356634C5-05EF-488F-B6D9-B8EE22A30DB3}.Debug|Any CPU.ActiveCfg = Debug|Any CPU
		{356634C5-05EF-488F-B6D9-B8EE22A30DB3}.Debug|Any CPU.Build.0 = Debug|Any CPU
		{356634C5-05EF-488F-B6D9-B8EE22A30DB3}.Release|Any CPU.ActiveCfg = Release|Any CPU
		{356634C5-05EF-488F-B6D9-B8EE22A30DB3}.Release|Any CPU.Build.0 = Release|Any CPU
		{8A9AA933-6937-4444-A4ED-D64872E8CC1C}.Debug|Any CPU.ActiveCfg = Debug|Any CPU
		{8A9AA933-6937-4444-A4ED-D64872E8CC1C}.Debug|Any CPU.Build.0 = Debug|Any CPU
		{8A9AA933-6937-4444-A4ED-D64872E8CC1C}.Release|Any CPU.ActiveCfg = Release|Any CPU
		{8A9AA933-6937-4444-A4ED-D64872E8CC1C}.Release|Any CPU.Build.0 = Release|Any CPU
	EndGlobalSection
	GlobalSection(SolutionProperties) = preSolution
		HideSolutionNode = FALSE
	EndGlobalSection
	GlobalSection(NestedProjects) = preSolution
		{F35806D1-7C53-4DEC-9ACC-F85A73BA5CBF} = {A41E2E79-C1E9-4D51-8875-0B8BB9211032}
		{A41E2E79-C1E9-4D51-8875-0B8BB9211032} = {D54D73EE-4336-42CD-B4FC-6ED3B5FA4EA0}
		{8C194E76-1A8E-4A9D-BE94-6E69BD70358B} = {A41E2E79-C1E9-4D51-8875-0B8BB9211032}
		{36C56487-EFBC-40EF-AC5C-CD722554E354} = {A41E2E79-C1E9-4D51-8875-0B8BB9211032}
		{908803E8-F5B2-4AC5-8CAD-D2545E62512F} = {A41E2E79-C1E9-4D51-8875-0B8BB9211032}
		{C8C22759-64DE-42F9-A018-83D6DDA9A7FD} = {0620AE2A-D688-4307-AEDA-B447971A8D65}
		{BB4C2751-81B4-486D-B7FD-B1060D567611} = {0620AE2A-D688-4307-AEDA-B447971A8D65}
		{C57801A6-836E-4049-A1E3-CD0079C0A20C} = {0620AE2A-D688-4307-AEDA-B447971A8D65}
		{002CA456-9562-4D68-9483-C572F9C9E5E9} = {E3585476-326C-44AB-BB7D-9C75C99B5F35}
		{954406EA-9C45-4043-950A-3CAB266F7405} = {D54D73EE-4336-42CD-B4FC-6ED3B5FA4EA0}
		{79E526AB-A163-4542-B715-C3672FA84C08} = {954406EA-9C45-4043-950A-3CAB266F7405}
		{71A9445F-31C1-4381-A87A-5B2E48218F59} = {954406EA-9C45-4043-950A-3CAB266F7405}
		{C6B51167-EF1E-44ED-BC6F-DB522C51E3A7} = {954406EA-9C45-4043-950A-3CAB266F7405}
		{A4957E94-47A5-4867-80ED-C7A9772F18FD} = {954406EA-9C45-4043-950A-3CAB266F7405}
		{8AC06C41-D226-46F3-B7FB-622DE3B73A33} = {E3585476-326C-44AB-BB7D-9C75C99B5F35}
		{5192E5F9-3BD1-4A9A-B148-1868D192C56E} = {0620AE2A-D688-4307-AEDA-B447971A8D65}
		{CDC103F8-2610-48B2-BD30-9745C016A5F6} = {0620AE2A-D688-4307-AEDA-B447971A8D65}
		{1B1CE35F-19B9-46DD-9E87-B0CD9939AC16} = {41E3A754-872A-4638-B8BB-704F0BF07890}
		{B81D7D46-E079-43FA-9323-B934A3D658B6} = {478E2ED7-DF99-4C3B-894A-EDD630BE40E2}
		{478E2ED7-DF99-4C3B-894A-EDD630BE40E2} = {D54D73EE-4336-42CD-B4FC-6ED3B5FA4EA0}
		{F9860B21-721C-4A09-B1B1-AFB7B66B5495} = {478E2ED7-DF99-4C3B-894A-EDD630BE40E2}
		{E7151F67-B898-4BE8-931D-7B45316D40C7} = {478E2ED7-DF99-4C3B-894A-EDD630BE40E2}
		{CB94128C-6146-4303-9625-4C5433DC8784} = {478E2ED7-DF99-4C3B-894A-EDD630BE40E2}
		{02EA681E-C7D8-13C7-8484-4AC65E1B71E8} = {D54D73EE-4336-42CD-B4FC-6ED3B5FA4EA0}
		{F787A7C6-4B8C-43A7-98A8-3E51F5D9C491} = {02EA681E-C7D8-13C7-8484-4AC65E1B71E8}
		{56E7B206-194B-4DA1-8591-84CE975DF1E3} = {02EA681E-C7D8-13C7-8484-4AC65E1B71E8}
		{356634C5-05EF-488F-B6D9-B8EE22A30DB3} = {02EA681E-C7D8-13C7-8484-4AC65E1B71E8}
		{8A9AA933-6937-4444-A4ED-D64872E8CC1C} = {02EA681E-C7D8-13C7-8484-4AC65E1B71E8}
	EndGlobalSection
	GlobalSection(ExtensibilityGlobals) = postSolution
		SolutionGuid = {05382590-312C-4478-B820-1600EE8D6917}
	EndGlobalSection
EndGlobal
